
Microsoft Visual Studio Solution File, Format Version 12.00
# Visual Studio Version 17
VisualStudioVersion = 17.7.34003.232
MinimumVisualStudioVersion = 10.0.40219.1
Project("{8BC9CEB8-8B4A-11D0-8D11-00A0C91BC942}") = "RadixSort", "RadixSort\RadixSort.vcxproj", "{079E8842-4628-446B-BDC4-BD81C1B10FA7}"
EndProject
Project("{8BC9CEB8-8B4A-11D0-8D11-00A0C91BC942}") = "Utilities", "Utilities\Utilities.vcxproj", "{2E19C9BB-C950-4D0B-AA8B-D673CC855E66}"
EndProject
Project("{8BC9CEB8-8B4A-11D0-8D11-00A0C91BC942}") = "Saxpy", "Saxpy\Saxpy.vcxproj", "{85DCBE90-39D1-4418-B5CC-120CD3572BA8}"
EndProject
Global
	GlobalSection(SolutionConfigurationPlatforms) = preSolution
		Debug|x64 = Debug|x64
		Release|x64 = Release|x64
	EndGlobalSection
	GlobalSection(ProjectConfigurationPlatforms) = postSolution
		{079E8842-4628-446B-BDC4-BD81C1B10FA7}.Debug|x64.ActiveCfg = Debug|x64
		{079E8842-4628-446B-BDC4-BD81C1B10FA7}.Debug|x64.Build.0 = Debug|x64
		{079E8842-4628-446B-BDC4-BD81C1B10FA7}.Debug|x86.ActiveCfg = Debug|x64
		{079E8842-4628-446B-BDC4-BD81C1B10FA7}.Release|x64.ActiveCfg = Release|x64
		{079E8842-4628-446B-BDC4-BD81C1B10FA7}.Release|x64.Build.0 = Release|x64
		{079E8842-4628-446B-BDC4-BD81C1B10FA7}.Release|x86.ActiveCfg = Release|x64
		{2E19C9BB-C950-4D0B-AA8B-D673CC855E66}.Debug|x64.ActiveCfg = Debug|x64
		{2E19C9BB-C950-4D0B-AA8B-D673CC855E66}.Debug|x64.Build.0 = Debug|x64
		{2E19C9BB-C950-4D0B-AA8B-D673CC855E66}.Debug|x86.ActiveCfg = Debug|x64
		{2E19C9BB-C950-4D0B-AA8B-D673CC855E66}.Debug|x86.Build.0 = Debug|x64
		{2E19C9BB-C950-4D0B-AA8B-D673CC855E66}.Release|x64.ActiveCfg = Release|x64
		{2E19C9BB-C950-4D0B-AA8B-D673CC855E66}.Release|x64.Build.0 = Release|x64
		{2E19C9BB-C950-4D0B-AA8B-D673CC855E66}.Release|x86.ActiveCfg = Release|x64
		{2E19C9BB-C950-4D0B-AA8B-D673CC855E66}.Release|x86.Build.0 = Release|x64
		{85DCBE90-39D1-4418-B5CC-120CD3572BA8}.Debug|x64.ActiveCfg = Debug|x64
		{85DCBE90-39D1-4418-B5CC-120CD3572BA8}.Debug|x64.Build.0 = Debug|x64
		{85DCBE90-39D1-4418-B5CC-120CD3572BA8}.Debug|x86.ActiveCfg = Debug|x64
		{85DCBE90-39D1-4418-B5CC-120CD3572BA8}.Debug|x86.Build.0 = Debug|x64
		{85DCBE90-39D1-4418-B5CC-120CD3572BA8}.Release|x64.ActiveCfg = Release|x64
		{85DCBE90-39D1-4418-B5CC-120CD3572BA8}.Release|x64.Build.0 = Release|x64
		{85DCBE90-39D1-4418-B5CC-120CD3572BA8}.Release|x86.ActiveCfg = Release|x64
		{85DCBE90-39D1-4418-B5CC-120CD3572BA8}.Release|x86.Build.0 = Release|x64
	EndGlobalSection
	GlobalSection(SolutionProperties) = preSolution
		HideSolutionNode = FALSE
	EndGlobalSection
	GlobalSection(ExtensibilityGlobals) = postSolution
		SolutionGuid = {944212B9-06F0-4A56-A9CC-E2D322CCDEDD}
	EndGlobalSection
EndGlobal
